
Microsoft Visual Studio Solution File, Format Version 12.00
# Visual Studio Version 18
VisualStudioVersion = 18.0.11222.15 d18.0
MinimumVisualStudioVersion = 10.0.40219.1
Project("{FAE04EC0-301F-11D3-BF4B-00C04F79EFBC}") = "Phoenix", "Phoenix\Phoenix.csproj", "{0DB287B3-88B5-495B-BD46-EAFADE8A2F43}"
EndProject
Project("{FAE04EC0-301F-11D3-BF4B-00C04F79EFBC}") = "Phoenix-Test", "Unit-Test\Phoenix-Test.csproj", "{C8A6F23B-1A50-49B4-873A-47C38FD8AAA6}"
EndProject
Global
	GlobalSection(SolutionConfigurationPlatforms) = preSolution
		Debug|Any CPU = Debug|Any CPU
		Release|Any CPU = Release|Any CPU
	EndGlobalSection
	GlobalSection(ProjectConfigurationPlatforms) = postSolution
		{0DB287B3-88B5-495B-BD46-EAFADE8A2F43}.Debug|Any CPU.ActiveCfg = Debug|Any CPU
		{0DB287B3-88B5-495B-BD46-EAFADE8A2F43}.Debug|Any CPU.Build.0 = Debug|Any CPU
		{0DB287B3-88B5-495B-BD46-EAFADE8A2F43}.Release|Any CPU.ActiveCfg = Release|Any CPU
		{0DB287B3-88B5-495B-BD46-EAFADE8A2F43}.Release|Any CPU.Build.0 = Release|Any CPU
		{C8A6F23B-1A50-49B4-873A-47C38FD8AAA6}.Debug|Any CPU.ActiveCfg = Debug|Any CPU
		{C8A6F23B-1A50-49B4-873A-47C38FD8AAA6}.Debug|Any CPU.Build.0 = Debug|Any CPU
		{C8A6F23B-1A50-49B4-873A-47C38FD8AAA6}.Release|Any CPU.ActiveCfg = Release|Any CPU
		{C8A6F23B-1A50-49B4-873A-47C38FD8AAA6}.Release|Any CPU.Build.0 = Release|Any CPU
	EndGlobalSection
	GlobalSection(SolutionProperties) = preSolution
		HideSolutionNode = FALSE
	EndGlobalSection
	GlobalSection(ExtensibilityGlobals) = postSolution
		SolutionGuid = {8EB4C2EC-447D-4FBD-B20E-7994081E137A}
	EndGlobalSection
EndGlobal
